
Microsoft Visual Studio Solution File, Format Version 12.00
# Visual Studio Version 17
VisualStudioVersion = 17.1.32228.430
MinimumVisualStudioVersion = 10.0.40219.1
Project("{9A19103F-16F7-4668-BE54-9A1E7A4F7556}") = "Projekt", "Projekt\Projekt.csproj", "{CD8B29A8-5E85-4A02-88AD-33D3F8B2912C}"
EndProject
Project("{9A19103F-16F7-4668-BE54-9A1E7A4F7556}") = "Projekt.EntityFramework", "Projekt.EntityFramework\Projekt.EntityFramework.csproj", "{4B08C280-255D-4DB1-BFD6-53AB8CCEDDE4}"
EndProject
Project("{FAE04EC0-301F-11D3-BF4B-00C04F79EFBC}") = "Projekt.WPF", "Projekt.WPF\Projekt.WPF.csproj", "{41513420-F409-4EB2-AD5D-B0AA6E61E440}"
EndProject
Global
	GlobalSection(SolutionConfigurationPlatforms) = preSolution
		Debug|Any CPU = Debug|Any CPU
		Release|Any CPU = Release|Any CPU
	EndGlobalSection
	GlobalSection(ProjectConfigurationPlatforms) = postSolution
		{CD8B29A8-5E85-4A02-88AD-33D3F8B2912C}.Debug|Any CPU.ActiveCfg = Debug|Any CPU
		{CD8B29A8-5E85-4A02-88AD-33D3F8B2912C}.Debug|Any CPU.Build.0 = Debug|Any CPU
		{CD8B29A8-5E85-4A02-88AD-33D3F8B2912C}.Release|Any CPU.ActiveCfg = Release|Any CPU
		{CD8B29A8-5E85-4A02-88AD-33D3F8B2912C}.Release|Any CPU.Build.0 = Release|Any CPU
		{4B08C280-255D-4DB1-BFD6-53AB8CCEDDE4}.Debug|Any CPU.ActiveCfg = Debug|Any CPU
		{4B08C280-255D-4DB1-BFD6-53AB8CCEDDE4}.Debug|Any CPU.Build.0 = Debug|Any CPU
		{4B08C280-255D-4DB1-BFD6-53AB8CCEDDE4}.Release|Any CPU.ActiveCfg = Release|Any CPU
		{4B08C280-255D-4DB1-BFD6-53AB8CCEDDE4}.Release|Any CPU.Build.0 = Release|Any CPU
		{41513420-F409-4EB2-AD5D-B0AA6E61E440}.Debug|Any CPU.ActiveCfg = Debug|Any CPU
		{41513420-F409-4EB2-AD5D-B0AA6E61E440}.Debug|Any CPU.Build.0 = Debug|Any CPU
		{41513420-F409-4EB2-AD5D-B0AA6E61E440}.Release|Any CPU.ActiveCfg = Release|Any CPU
		{41513420-F409-4EB2-AD5D-B0AA6E61E440}.Release|Any CPU.Build.0 = Release|Any CPU
	EndGlobalSection
	GlobalSection(SolutionProperties) = preSolution
		HideSolutionNode = FALSE
	EndGlobalSection
	GlobalSection(ExtensibilityGlobals) = postSolution
		SolutionGuid = {15309F56-E08D-496A-AEFC-7652C47AEA0F}
	EndGlobalSection
EndGlobal
